// !$*UTF8*$!
{
	archiveVersion = 1;
	classes = {
	};
	objectVersion = 55;
	objects = {

/* Begin PBXBuildFile section */
		3F2D28312907243D00388C4A /* Quick_ToDosApp.swift in Sources */ = {isa = PBXBuildFile; fileRef = 3F2D28302907243D00388C4A /* Quick_ToDosApp.swift */; };
		3F2D28332907243D00388C4A /* ContentView.swift in Sources */ = {isa = PBXBuildFile; fileRef = 3F2D28322907243D00388C4A /* ContentView.swift */; };
		3F2D28352907243D00388C4A /* Assets.xcassets in Resources */ = {isa = PBXBuildFile; fileRef = 3F2D28342907243D00388C4A /* Assets.xcassets */; };
		3F2D28382907243D00388C4A /* Preview Assets.xcassets in Resources */ = {isa = PBXBuildFile; fileRef = 3F2D28372907243D00388C4A /* Preview Assets.xcassets */; };
		3F2D283A2907243D00388C4A /* Persistence.swift in Sources */ = {isa = PBXBuildFile; fileRef = 3F2D28392907243D00388C4A /* Persistence.swift */; };
		3F2D283D2907243D00388C4A /* Quick_ToDos.xcdatamodeld in Sources */ = {isa = PBXBuildFile; fileRef = 3F2D283B2907243D00388C4A /* Quick_ToDos.xcdatamodeld */; };
		3FC9003D29088E7F008693BE /* ToDoDetailView.swift in Sources */ = {isa = PBXBuildFile; fileRef = 3FC9003C29088E7F008693BE /* ToDoDetailView.swift */; };
		3FFCFA8B2907571500BC032D /* ToDoListView.swift in Sources */ = {isa = PBXBuildFile; fileRef = 3FFCFA8A2907571500BC032D /* ToDoListView.swift */; };
		3FFCFA8D290878E200BC032D /* AddToDoView.swift in Sources */ = {isa = PBXBuildFile; fileRef = 3FFCFA8C290878E200BC032D /* AddToDoView.swift */; };
/* End PBXBuildFile section */

/* Begin PBXFileReference section */
		3F2D282D2907243D00388C4A /* Quick ToDos.app */ = {isa = PBXFileReference; explicitFileType = wrapper.application; includeInIndex = 0; path = "Quick ToDos.app"; sourceTree = BUILT_PRODUCTS_DIR; };
		3F2D28302907243D00388C4A /* Quick_ToDosApp.swift */ = {isa = PBXFileReference; lastKnownFileType = sourcecode.swift; path = Quick_ToDosApp.swift; sourceTree = "<group>"; };
		3F2D28322907243D00388C4A /* ContentView.swift */ = {isa = PBXFileReference; lastKnownFileType = sourcecode.swift; path = ContentView.swift; sourceTree = "<group>"; };
		3F2D28342907243D00388C4A /* Assets.xcassets */ = {isa = PBXFileReference; lastKnownFileType = folder.assetcatalog; path = Assets.xcassets; sourceTree = "<group>"; };
		3F2D28372907243D00388C4A /* Preview Assets.xcassets */ = {isa = PBXFileReference; lastKnownFileType = folder.assetcatalog; path = "Preview Assets.xcassets"; sourceTree = "<group>"; };
		3F2D28392907243D00388C4A /* Persistence.swift */ = {isa = PBXFileReference; lastKnownFileType = sourcecode.swift; path = Persistence.swift; sourceTree = "<group>"; };
		3F2D283C2907243D00388C4A /* Quick_ToDos.xcdatamodel */ = {isa = PBXFileReference; lastKnownFileType = wrapper.xcdatamodel; path = Quick_ToDos.xcdatamodel; sourceTree = "<group>"; };
		3FC9003C29088E7F008693BE /* ToDoDetailView.swift */ = {isa = PBXFileReference; lastKnownFileType = sourcecode.swift; path = ToDoDetailView.swift; sourceTree = "<group>"; };
		3FFCFA8A2907571500BC032D /* ToDoListView.swift */ = {isa = PBXFileReference; lastKnownFileType = sourcecode.swift; path = ToDoListView.swift; sourceTree = "<group>"; };
		3FFCFA8C290878E200BC032D /* AddToDoView.swift */ = {isa = PBXFileReference; lastKnownFileType = sourcecode.swift; path = AddToDoView.swift; sourceTree = "<group>"; };
/* End PBXFileReference section */

/* Begin PBXFrameworksBuildPhase section */
		3F2D282A2907243D00388C4A /* Frameworks */ = {
			isa = PBXFrameworksBuildPhase;
			buildActionMask = 2147483647;
			files = (
			);
			runOnlyForDeploymentPostprocessing = 0;
		};
/* End PBXFrameworksBuildPhase section */

/* Begin PBXGroup section */
		3F2D28242907243D00388C4A = {
			isa = PBXGroup;
			children = (
				3F2D282F2907243D00388C4A /* Quick ToDos */,
				3F2D282E2907243D00388C4A /* Products */,
			);
			sourceTree = "<group>";
		};
		3F2D282E2907243D00388C4A /* Products */ = {
			isa = PBXGroup;
			children = (
				3F2D282D2907243D00388C4A /* Quick ToDos.app */,
			);
			name = Products;
			sourceTree = "<group>";
		};
		3F2D282F2907243D00388C4A /* Quick ToDos */ = {
			isa = PBXGroup;
			children = (
				3F2D28302907243D00388C4A /* Quick_ToDosApp.swift */,
				3F2D28322907243D00388C4A /* ContentView.swift */,
				3FFCFA8A2907571500BC032D /* ToDoListView.swift */,
				3FFCFA8C290878E200BC032D /* AddToDoView.swift */,
				3FC9003C29088E7F008693BE /* ToDoDetailView.swift */,
				3F2D28342907243D00388C4A /* Assets.xcassets */,
				3F2D28392907243D00388C4A /* Persistence.swift */,
				3F2D283B2907243D00388C4A /* Quick_ToDos.xcdatamodeld */,
				3F2D28362907243D00388C4A /* Preview Content */,
			);
			path = "Quick ToDos";
			sourceTree = "<group>";
		};
		3F2D28362907243D00388C4A /* Preview Content */ = {
			isa = PBXGroup;
			children = (
				3F2D28372907243D00388C4A /* Preview Assets.xcassets */,
			);
			path = "Preview Content";
			sourceTree = "<group>";
		};
/* End PBXGroup section */

/* Begin PBXNativeTarget section */
		3F2D282C2907243D00388C4A /* Quick ToDos */ = {
			isa = PBXNativeTarget;
			buildConfigurationList = 3F2D28402907243D00388C4A /* Build configuration list for PBXNativeTarget "Quick ToDos" */;
			buildPhases = (
				3F2D28292907243D00388C4A /* Sources */,
				3F2D282A2907243D00388C4A /* Frameworks */,
				3F2D282B2907243D00388C4A /* Resources */,
			);
			buildRules = (
			);
			dependencies = (
			);
			name = "Quick ToDos";
			productName = "Quick ToDos";
			productReference = 3F2D282D2907243D00388C4A /* Quick ToDos.app */;
			productType = "com.apple.product-type.application";
		};
/* End PBXNativeTarget section */

/* Begin PBXProject section */
		3F2D28252907243D00388C4A /* Project object */ = {
			isa = PBXProject;
			attributes = {
				BuildIndependentTargetsInParallel = 1;
				LastSwiftUpdateCheck = 1340;
				LastUpgradeCheck = 1340;
				TargetAttributes = {
					3F2D282C2907243D00388C4A = {
						CreatedOnToolsVersion = 13.4.1;
					};
				};
			};
			buildConfigurationList = 3F2D28282907243D00388C4A /* Build configuration list for PBXProject "Quick ToDos" */;
			compatibilityVersion = "Xcode 13.0";
			developmentRegion = en;
			hasScannedForEncodings = 0;
			knownRegions = (
				en,
				Base,
			);
			mainGroup = 3F2D28242907243D00388C4A;
			productRefGroup = 3F2D282E2907243D00388C4A /* Products */;
			projectDirPath = "";
			projectRoot = "";
			targets = (
				3F2D282C2907243D00388C4A /* Quick ToDos */,
			);
		};
/* End PBXProject section */

/* Begin PBXResourcesBuildPhase section */
		3F2D282B2907243D00388C4A /* Resources */ = {
			isa = PBXResourcesBuildPhase;
			buildActionMask = 2147483647;
			files = (
				3F2D28382907243D00388C4A /* Preview Assets.xcassets in Resources */,
				3F2D28352907243D00388C4A /* Assets.xcassets in Resources */,
			);
			runOnlyForDeploymentPostprocessing = 0;
		};
/* End PBXResourcesBuildPhase section */

/* Begin PBXSourcesBuildPhase section */
		3F2D28292907243D00388C4A /* Sources */ = {
			isa = PBXSourcesBuildPhase;
			buildActionMask = 2147483647;
			files = (
				3FC9003D29088E7F008693BE /* ToDoDetailView.swift in Sources */,
				3F2D283A2907243D00388C4A /* Persistence.swift in Sources */,
				3F2D283D2907243D00388C4A /* Quick_ToDos.xcdatamodeld in Sources */,
				3FFCFA8D290878E200BC032D /* AddToDoView.swift in Sources */,
				3F2D28332907243D00388C4A /* ContentView.swift in Sources */,
				3F2D28312907243D00388C4A /* Quick_ToDosApp.swift in Sources */,
				3FFCFA8B2907571500BC032D /* ToDoListView.swift in Sources */,
			);
			runOnlyForDeploymentPostprocessing = 0;
		};
/* End PBXSourcesBuildPhase section */

/* Begin XCBuildConfiguration section */
		3F2D283E2907243D00388C4A /* Debug */ = {
			isa = XCBuildConfiguration;
			buildSettings = {
				ALWAYS_SEARCH_USER_PATHS = NO;
				CLANG_ANALYZER_NONNULL = YES;
				CLANG_ANALYZER_NUMBER_OBJECT_CONVERSION = YES_AGGRESSIVE;
				CLANG_CXX_LANGUAGE_STANDARD = "gnu++17";
				CLANG_ENABLE_MODULES = YES;
				CLANG_ENABLE_OBJC_ARC = YES;
				CLANG_ENABLE_OBJC_WEAK = YES;
				CLANG_WARN_BLOCK_CAPTURE_AUTORELEASING = YES;
				CLANG_WARN_BOOL_CONVERSION = YES;
				CLANG_WARN_COMMA = YES;
				CLANG_WARN_CONSTANT_CONVERSION = YES;
				CLANG_WARN_DEPRECATED_OBJC_IMPLEMENTATIONS = YES;
				CLANG_WARN_DIRECT_OBJC_ISA_USAGE = YES_ERROR;
				CLANG_WARN_DOCUMENTATION_COMMENTS = YES;
				CLANG_WARN_EMPTY_BODY = YES;
				CLANG_WARN_ENUM_CONVERSION = YES;
				CLANG_WARN_INFINITE_RECURSION = YES;
				CLANG_WARN_INT_CONVERSION = YES;
				CLANG_WARN_NON_LITERAL_NULL_CONVERSION = YES;
				CLANG_WARN_OBJC_IMPLICIT_RETAIN_SELF = YES;
				CLANG_WARN_OBJC_LITERAL_CONVERSION = YES;
				CLANG_WARN_OBJC_ROOT_CLASS = YES_ERROR;
				CLANG_WARN_QUOTED_INCLUDE_IN_FRAMEWORK_HEADER = YES;
				CLANG_WARN_RANGE_LOOP_ANALYSIS = YES;
				CLANG_WARN_STRICT_PROTOTYPES = YES;
				CLANG_WARN_SUSPICIOUS_MOVE = YES;
				CLANG_WARN_UNGUARDED_AVAILABILITY = YES_AGGRESSIVE;
				CLANG_WARN_UNREACHABLE_CODE = YES;
				CLANG_WARN__DUPLICATE_METHOD_MATCH = YES;
				COPY_PHASE_STRIP = NO;
				DEBUG_INFORMATION_FORMAT = dwarf;
				ENABLE_STRICT_OBJC_MSGSEND = YES;
				ENABLE_TESTABILITY = YES;
				GCC_C_LANGUAGE_STANDARD = gnu11;
				GCC_DYNAMIC_NO_PIC = NO;
				GCC_NO_COMMON_BLOCKS = YES;
				GCC_OPTIMIZATION_LEVEL = 0;
				GCC_PREPROCESSOR_DEFINITIONS = (
					"DEBUG=1",
					"$(inherited)",
				);
				GCC_WARN_64_TO_32_BIT_CONVERSION = YES;
				GCC_WARN_ABOUT_RETURN_TYPE = YES_ERROR;
				GCC_WARN_UNDECLARED_SELECTOR = YES;
				GCC_WARN_UNINITIALIZED_AUTOS = YES_AGGRESSIVE;
				GCC_WARN_UNUSED_FUNCTION = YES;
				GCC_WARN_UNUSED_VARIABLE = YES;
				IPHONEOS_DEPLOYMENT_TARGET = 15.5;
				MTL_ENABLE_DEBUG_INFO = INCLUDE_SOURCE;
				MTL_FAST_MATH = YES;
				ONLY_ACTIVE_ARCH = YES;
				SDKROOT = iphoneos;
				SWIFT_ACTIVE_COMPILATION_CONDITIONS = DEBUG;
				SWIFT_OPTIMIZATION_LEVEL = "-Onone";
			};
			name = Debug;
		};
		3F2D283F2907243D00388C4A /* Release */ = {
			isa = XCBuildConfiguration;
			buildSettings = {
				ALWAYS_SEARCH_USER_PATHS = NO;
				CLANG_ANALYZER_NONNULL = YES;
				CLANG_ANALYZER_NUMBER_OBJECT_CONVERSION = YES_AGGRESSIVE;
				CLANG_CXX_LANGUAGE_STANDARD = "gnu++17";
				CLANG_ENABLE_MODULES = YES;
				CLANG_ENABLE_OBJC_ARC = YES;
				CLANG_ENABLE_OBJC_WEAK = YES;
				CLANG_WARN_BLOCK_CAPTURE_AUTORELEASING = YES;
				CLANG_WARN_BOOL_CONVERSION = YES;
				CLANG_WARN_COMMA = YES;
				CLANG_WARN_CONSTANT_CONVERSION = YES;
				CLANG_WARN_DEPRECATED_OBJC_IMPLEMENTATIONS = YES;
				CLANG_WARN_DIRECT_OBJC_ISA_USAGE = YES_ERROR;
				CLANG_WARN_DOCUMENTATION_COMMENTS = YES;
				CLANG_WARN_EMPTY_BODY = YES;
				CLANG_WARN_ENUM_CONVERSION = YES;
				CLANG_WARN_INFINITE_RECURSION = YES;
				CLANG_WARN_INT_CONVERSION = YES;
				CLANG_WARN_NON_LITERAL_NULL_CONVERSION = YES;
				CLANG_WARN_OBJC_IMPLICIT_RETAIN_SELF = YES;
				CLANG_WARN_OBJC_LITERAL_CONVERSION = YES;
				CLANG_WARN_OBJC_ROOT_CLASS = YES_ERROR;
				CLANG_WARN_QUOTED_INCLUDE_IN_FRAMEWORK_HEADER = YES;
				CLANG_WARN_RANGE_LOOP_ANALYSIS = YES;
				CLANG_WARN_STRICT_PROTOTYPES = YES;
				CLANG_WARN_SUSPICIOUS_MOVE = YES;
				CLANG_WARN_UNGUARDED_AVAILABILITY = YES_AGGRESSIVE;
				CLANG_WARN_UNREACHABLE_CODE = YES;
				CLANG_WARN__DUPLICATE_METHOD_MATCH = YES;
				COPY_PHASE_STRIP = NO;
				DEBUG_INFORMATION_FORMAT = "dwarf-with-dsym";
				ENABLE_NS_ASSERTIONS = NO;
				ENABLE_STRICT_OBJC_MSGSEND = YES;
				GCC_C_LANGUAGE_STANDARD = gnu11;
				GCC_NO_COMMON_BLOCKS = YES;
				GCC_WARN_64_TO_32_BIT_CONVERSION = YES;
				GCC_WARN_ABOUT_RETURN_TYPE = YES_ERROR;
				GCC_WARN_UNDECLARED_SELECTOR = YES;
				GCC_WARN_UNINITIALIZED_AUTOS = YES_AGGRESSIVE;
				GCC_WARN_UNUSED_FUNCTION = YES;
				GCC_WARN_UNUSED_VARIABLE = YES;
				IPHONEOS_DEPLOYMENT_TARGET = 15.5;
				MTL_ENABLE_DEBUG_INFO = NO;
				MTL_FAST_MATH = YES;
				SDKROOT = iphoneos;
				SWIFT_COMPILATION_MODE = wholemodule;
				SWIFT_OPTIMIZATION_LEVEL = "-O";
				VALIDATE_PRODUCT = YES;
			};
			name = Release;
		};
		3F2D28412907243D00388C4A /* Debug */ = {
			isa = XCBuildConfiguration;
			buildSettings = {
				ASSETCATALOG_COMPILER_APPICON_NAME = AppIcon;
				ASSETCATALOG_COMPILER_GLOBAL_ACCENT_COLOR_NAME = AccentColor;
				CODE_SIGN_STYLE = Automatic;
				CURRENT_PROJECT_VERSION = 1;
				DEVELOPMENT_ASSET_PATHS = "\"Quick ToDos/Preview Content\"";
				DEVELOPMENT_TEAM = CU7ZA3K6H6;
				ENABLE_PREVIEWS = YES;
				GENERATE_INFOPLIST_FILE = YES;
				INFOPLIST_KEY_UIApplicationSceneManifest_Generation = YES;
				INFOPLIST_KEY_UIApplicationSupportsIndirectInputEvents = YES;
				INFOPLIST_KEY_UILaunchScreen_Generation = YES;
				INFOPLIST_KEY_UISupportedInterfaceOrientations_iPad = "UIInterfaceOrientationPortrait UIInterfaceOrientationPortraitUpsideDown UIInterfaceOrientationLandscapeLeft UIInterfaceOrientationLandscapeRight";
				INFOPLIST_KEY_UISupportedInterfaceOrientations_iPhone = "UIInterfaceOrientationPortrait UIInterfaceOrientationLandscapeLeft UIInterfaceOrientationLandscapeRight";
				LD_RUNPATH_SEARCH_PATHS = (
					"$(inherited)",
					"@executable_path/Frameworks",
				);
				MARKETING_VERSION = 1.0;
				PRODUCT_BUNDLE_IDENTIFIER = "com.davidbharrison.Quick-ToDos";
				PRODUCT_NAME = "$(TARGET_NAME)";
				SWIFT_EMIT_LOC_STRINGS = YES;
				SWIFT_VERSION = 5.0;
				TARGETED_DEVICE_FAMILY = "1,2";
			};
			name = Debug;
		};
		3F2D28422907243D00388C4A /* Release */ = {
			isa = XCBuildConfiguration;
			buildSettings = {
				ASSETCATALOG_COMPILER_APPICON_NAME = AppIcon;
				ASSETCATALOG_COMPILER_GLOBAL_ACCENT_COLOR_NAME = AccentColor;
				CODE_SIGN_STYLE = Automatic;
				CURRENT_PROJECT_VERSION = 1;
				DEVELOPMENT_ASSET_PATHS = "\"Quick ToDos/Preview Content\"";
				DEVELOPMENT_TEAM = CU7ZA3K6H6;
				ENABLE_PREVIEWS = YES;
				GENERATE_INFOPLIST_FILE = YES;
				INFOPLIST_KEY_UIApplicationSceneManifest_Generation = YES;
				INFOPLIST_KEY_UIApplicationSupportsIndirectInputEvents = YES;
				INFOPLIST_KEY_UILaunchScreen_Generation = YES;
				INFOPLIST_KEY_UISupportedInterfaceOrientations_iPad = "UIInterfaceOrientationPortrait UIInterfaceOrientationPortraitUpsideDown UIInterfaceOrientationLandscapeLeft UIInterfaceOrientationLandscapeRight";
				INFOPLIST_KEY_UISupportedInterfaceOrientations_iPhone = "UIInterfaceOrientationPortrait UIInterfaceOrientationLandscapeLeft UIInterfaceOrientationLandscapeRight";
				LD_RUNPATH_SEARCH_PATHS = (
					"$(inherited)",
					"@executable_path/Frameworks",
				);
				MARKETING_VERSION = 1.0;
				PRODUCT_BUNDLE_IDENTIFIER = "com.davidbharrison.Quick-ToDos";
				PRODUCT_NAME = "$(TARGET_NAME)";
				SWIFT_EMIT_LOC_STRINGS = YES;
				SWIFT_VERSION = 5.0;
				TARGETED_DEVICE_FAMILY = "1,2";
			};
			name = Release;
		};
/* End XCBuildConfiguration section */

/* Begin XCConfigurationList section */
		3F2D28282907243D00388C4A /* Build configuration list for PBXProject "Quick ToDos" */ = {
			isa = XCConfigurationList;
			buildConfigurations = (
				3F2D283E2907243D00388C4A /* Debug */,
				3F2D283F2907243D00388C4A /* Release */,
			);
			defaultConfigurationIsVisible = 0;
			defaultConfigurationName = Release;
		};
		3F2D28402907243D00388C4A /* Build configuration list for PBXNativeTarget "Quick ToDos" */ = {
			isa = XCConfigurationList;
			buildConfigurations = (
				3F2D28412907243D00388C4A /* Debug */,
				3F2D28422907243D00388C4A /* Release */,
			);
			defaultConfigurationIsVisible = 0;
			defaultConfigurationName = Release;
		};
/* End XCConfigurationList section */

/* Begin XCVersionGroup section */
		3F2D283B2907243D00388C4A /* Quick_ToDos.xcdatamodeld */ = {
			isa = XCVersionGroup;
			children = (
				3F2D283C2907243D00388C4A /* Quick_ToDos.xcdatamodel */,
			);
			currentVersion = 3F2D283C2907243D00388C4A /* Quick_ToDos.xcdatamodel */;
			path = Quick_ToDos.xcdatamodeld;
			sourceTree = "<group>";
			versionGroupType = wrapper.xcdatamodel;
		};
/* End XCVersionGroup section */
	};
	rootObject = 3F2D28252907243D00388C4A /* Project object */;
}
